
Microsoft Visual Studio Solution File, Format Version 12.00
# Visual Studio Version 17
VisualStudioVersion = 17.8.34004.107
MinimumVisualStudioVersion = 10.0.40219.1
Project("{9A19103F-16F7-4668-BE54-9A1E7A4F7556}") = "RealEstate_Dapper_Api", "RealEstate_Dapper_Api\RealEstate_Dapper_Api.csproj", "{A6F0C2CF-CB2B-4555-9C6E-0D4966FDE6C1}"
EndProject
Project("{9A19103F-16F7-4668-BE54-9A1E7A4F7556}") = "RealEstate_Dapper_UI", "RealEstate_Dapper_UI\RealEstate_Dapper_UI.csproj", "{0BC738C7-48EB-404A-92DB-8FD0A5020E85}"
EndProject
Global
	GlobalSection(SolutionConfigurationPlatforms) = preSolution
		Debug|Any CPU = Debug|Any CPU
		Release|Any CPU = Release|Any CPU
	EndGlobalSection
	GlobalSection(ProjectConfigurationPlatforms) = postSolution
		{A6F0C2CF-CB2B-4555-9C6E-0D4966FDE6C1}.Debug|Any CPU.ActiveCfg = Debug|Any CPU
		{A6F0C2CF-CB2B-4555-9C6E-0D4966FDE6C1}.Debug|Any CPU.Build.0 = Debug|Any CPU
		{A6F0C2CF-CB2B-4555-9C6E-0D4966FDE6C1}.Release|Any CPU.ActiveCfg = Release|Any CPU
		{A6F0C2CF-CB2B-4555-9C6E-0D4966FDE6C1}.Release|Any CPU.Build.0 = Release|Any CPU
		{0BC738C7-48EB-404A-92DB-8FD0A5020E85}.Debug|Any CPU.ActiveCfg = Debug|Any CPU
		{0BC738C7-48EB-404A-92DB-8FD0A5020E85}.Debug|Any CPU.Build.0 = Debug|Any CPU
		{0BC738C7-48EB-404A-92DB-8FD0A5020E85}.Release|Any CPU.ActiveCfg = Release|Any CPU
		{0BC738C7-48EB-404A-92DB-8FD0A5020E85}.Release|Any CPU.Build.0 = Release|Any CPU
	EndGlobalSection
	GlobalSection(SolutionProperties) = preSolution
		HideSolutionNode = FALSE
	EndGlobalSection
	GlobalSection(ExtensibilityGlobals) = postSolution
		SolutionGuid = {43F7792C-A7AE-489A-8CCD-98B2ACA450EC}
	EndGlobalSection
EndGlobal
